// !$*UTF8*$!
{
	archiveVersion = 1;
	classes = {
	};
	objectVersion = 50;
	objects = {

/* Begin PBXBuildFile section */
		C888DCD42516F49A00023463 /* helloworldApp.swift in Sources */ = {isa = PBXBuildFile; fileRef = C888DCD32516F49A00023463 /* helloworldApp.swift */; };
		C888DCD62516F49A00023463 /* ContentView.swift in Sources */ = {isa = PBXBuildFile; fileRef = C888DCD52516F49A00023463 /* ContentView.swift */; };
		C888DCD82516F49B00023463 /* Assets.xcassets in Resources */ = {isa = PBXBuildFile; fileRef = C888DCD72516F49B00023463 /* Assets.xcassets */; };
		C888DCDB2516F49B00023463 /* Preview Assets.xcassets in Resources */ = {isa = PBXBuildFile; fileRef = C888DCDA2516F49B00023463 /* Preview Assets.xcassets */; };
		C888DCE62516F49B00023463 /* helloworldTests.swift in Sources */ = {isa = PBXBuildFile; fileRef = C888DCE52516F49B00023463 /* helloworldTests.swift */; };
		C888DCF12516F49B00023463 /* helloworldUITests.swift in Sources */ = {isa = PBXBuildFile; fileRef = C888DCF02516F49B00023463 /* helloworldUITests.swift */; };
/* End PBXBuildFile section */

/* Begin PBXContainerItemProxy section */
		C888DCE22516F49B00023463 /* PBXContainerItemProxy */ = {
			isa = PBXContainerItemProxy;
			containerPortal = C888DCC82516F49A00023463 /* Project object */;
			proxyType = 1;
			remoteGlobalIDString = C888DCCF2516F49A00023463;
			remoteInfo = helloworld;
		};
		C888DCED2516F49B00023463 /* PBXContainerItemProxy */ = {
			isa = PBXContainerItemProxy;
			containerPortal = C888DCC82516F49A00023463 /* Project object */;
			proxyType = 1;
			remoteGlobalIDString = C888DCCF2516F49A00023463;
			remoteInfo = helloworld;
		};
/* End PBXContainerItemProxy section */

/* Begin PBXFileReference section */
		C888DCD02516F49A00023463 /* helloworld.app */ = {isa = PBXFileReference; explicitFileType = wrapper.application; includeInIndex = 0; path = helloworld.app; sourceTree = BUILT_PRODUCTS_DIR; };
		C888DCD32516F49A00023463 /* helloworldApp.swift */ = {isa = PBXFileReference; lastKnownFileType = sourcecode.swift; path = helloworldApp.swift; sourceTree = "<group>"; };
		C888DCD52516F49A00023463 /* ContentView.swift */ = {isa = PBXFileReference; lastKnownFileType = sourcecode.swift; path = ContentView.swift; sourceTree = "<group>"; };
		C888DCD72516F49B00023463 /* Assets.xcassets */ = {isa = PBXFileReference; lastKnownFileType = folder.assetcatalog; path = Assets.xcassets; sourceTree = "<group>"; };
		C888DCDA2516F49B00023463 /* Preview Assets.xcassets */ = {isa = PBXFileReference; lastKnownFileType = folder.assetcatalog; path = "Preview Assets.xcassets"; sourceTree = "<group>"; };
		C888DCDC2516F49B00023463 /* Info.plist */ = {isa = PBXFileReference; lastKnownFileType = text.plist.xml; path = Info.plist; sourceTree = "<group>"; };
		C888DCE12516F49B00023463 /* helloworldTests.xctest */ = {isa = PBXFileReference; explicitFileType = wrapper.cfbundle; includeInIndex = 0; path = helloworldTests.xctest; sourceTree = BUILT_PRODUCTS_DIR; };
		C888DCE52516F49B00023463 /* helloworldTests.swift */ = {isa = PBXFileReference; lastKnownFileType = sourcecode.swift; path = helloworldTests.swift; sourceTree = "<group>"; };
		C888DCE72516F49B00023463 /* Info.plist */ = {isa = PBXFileReference; lastKnownFileType = text.plist.xml; path = Info.plist; sourceTree = "<group>"; };
		C888DCEC2516F49B00023463 /* helloworldUITests.xctest */ = {isa = PBXFileReference; explicitFileType = wrapper.cfbundle; includeInIndex = 0; path = helloworldUITests.xctest; sourceTree = BUILT_PRODUCTS_DIR; };
		C888DCF02516F49B00023463 /* helloworldUITests.swift */ = {isa = PBXFileReference; lastKnownFileType = sourcecode.swift; path = helloworldUITests.swift; sourceTree = "<group>"; };
		C888DCF22516F49B00023463 /* Info.plist */ = {isa = PBXFileReference; lastKnownFileType = text.plist.xml; path = Info.plist; sourceTree = "<group>"; };
/* End PBXFileReference section */

/* Begin PBXFrameworksBuildPhase section */
		C888DCCD2516F49A00023463 /* Frameworks */ = {
			isa = PBXFrameworksBuildPhase;
			buildActionMask = 2147483647;
			files = (
			);
			runOnlyForDeploymentPostprocessing = 0;
		};
		C888DCDE2516F49B00023463 /* Frameworks */ = {
			isa = PBXFrameworksBuildPhase;
			buildActionMask = 2147483647;
			files = (
			);
			runOnlyForDeploymentPostprocessing = 0;
		};
		C888DCE92516F49B00023463 /* Frameworks */ = {
			isa = PBXFrameworksBuildPhase;
			buildActionMask = 2147483647;
			files = (
			);
			runOnlyForDeploymentPostprocessing = 0;
		};
/* End PBXFrameworksBuildPhase section */

/* Begin PBXGroup section */
		C888DCC72516F49A00023463 = {
			isa = PBXGroup;
			children = (
				C888DCD22516F49A00023463 /* helloworld */,
				C888DCE42516F49B00023463 /* helloworldTests */,
				C888DCEF2516F49B00023463 /* helloworldUITests */,
				C888DCD12516F49A00023463 /* Products */,
			);
			sourceTree = "<group>";
		};
		C888DCD12516F49A00023463 /* Products */ = {
			isa = PBXGroup;
			children = (
				C888DCD02516F49A00023463 /* helloworld.app */,
				C888DCE12516F49B00023463 /* helloworldTests.xctest */,
				C888DCEC2516F49B00023463 /* helloworldUITests.xctest */,
			);
			name = Products;
			sourceTree = "<group>";
		};
		C888DCD22516F49A00023463 /* helloworld */ = {
			isa = PBXGroup;
			children = (
				C888DCD32516F49A00023463 /* helloworldApp.swift */,
				C888DCD52516F49A00023463 /* ContentView.swift */,
				C888DCD72516F49B00023463 /* Assets.xcassets */,
				C888DCDC2516F49B00023463 /* Info.plist */,
				C888DCD92516F49B00023463 /* Preview Content */,
			);
			path = helloworld;
			sourceTree = "<group>";
		};
		C888DCD92516F49B00023463 /* Preview Content */ = {
			isa = PBXGroup;
			children = (
				C888DCDA2516F49B00023463 /* Preview Assets.xcassets */,
			);
			path = "Preview Content";
			sourceTree = "<group>";
		};
		C888DCE42516F49B00023463 /* helloworldTests */ = {
			isa = PBXGroup;
			children = (
				C888DCE52516F49B00023463 /* helloworldTests.swift */,
				C888DCE72516F49B00023463 /* Info.plist */,
			);
			path = helloworldTests;
			sourceTree = "<group>";
		};
		C888DCEF2516F49B00023463 /* helloworldUITests */ = {
			isa = PBXGroup;
			children = (
				C888DCF02516F49B00023463 /* helloworldUITests.swift */,
				C888DCF22516F49B00023463 /* Info.plist */,
			);
			path = helloworldUITests;
			sourceTree = "<group>";
		};
/* End PBXGroup section */

/* Begin PBXNativeTarget section */
		C888DCCF2516F49A00023463 /* helloworld */ = {
			isa = PBXNativeTarget;
			buildConfigurationList = C888DCF52516F49B00023463 /* Build configuration list for PBXNativeTarget "helloworld" */;
			buildPhases = (
				C888DCCC2516F49A00023463 /* Sources */,
				C888DCCD2516F49A00023463 /* Frameworks */,
				C888DCCE2516F49A00023463 /* Resources */,
			);
			buildRules = (
			);
			dependencies = (
			);
			name = helloworld;
			productName = helloworld;
			productReference = C888DCD02516F49A00023463 /* helloworld.app */;
			productType = "com.apple.product-type.application";
		};
		C888DCE02516F49B00023463 /* helloworldTests */ = {
			isa = PBXNativeTarget;
			buildConfigurationList = C888DCF82516F49B00023463 /* Build configuration list for PBXNativeTarget "helloworldTests" */;
			buildPhases = (
				C888DCDD2516F49B00023463 /* Sources */,
				C888DCDE2516F49B00023463 /* Frameworks */,
				C888DCDF2516F49B00023463 /* Resources */,
			);
			buildRules = (
			);
			dependencies = (
				C888DCE32516F49B00023463 /* PBXTargetDependency */,
			);
			name = helloworldTests;
			productName = helloworldTests;
			productReference = C888DCE12516F49B00023463 /* helloworldTests.xctest */;
			productType = "com.apple.product-type.bundle.unit-test";
		};
		C888DCEB2516F49B00023463 /* helloworldUITests */ = {
			isa = PBXNativeTarget;
			buildConfigurationList = C888DCFB2516F49B00023463 /* Build configuration list for PBXNativeTarget "helloworldUITests" */;
			buildPhases = (
				C888DCE82516F49B00023463 /* Sources */,
				C888DCE92516F49B00023463 /* Frameworks */,
				C888DCEA2516F49B00023463 /* Resources */,
			);
			buildRules = (
			);
			dependencies = (
				C888DCEE2516F49B00023463 /* PBXTargetDependency */,
			);
			name = helloworldUITests;
			productName = helloworldUITests;
			productReference = C888DCEC2516F49B00023463 /* helloworldUITests.xctest */;
			productType = "com.apple.product-type.bundle.ui-testing";
		};
/* End PBXNativeTarget section */

/* Begin PBXProject section */
		C888DCC82516F49A00023463 /* Project object */ = {
			isa = PBXProject;
			attributes = {
				LastSwiftUpdateCheck = 1200;
				LastUpgradeCheck = 1200;
				TargetAttributes = {
					C888DCCF2516F49A00023463 = {
						CreatedOnToolsVersion = 12.0;
					};
					C888DCE02516F49B00023463 = {
						CreatedOnToolsVersion = 12.0;
						TestTargetID = C888DCCF2516F49A00023463;
					};
					C888DCEB2516F49B00023463 = {
						CreatedOnToolsVersion = 12.0;
						TestTargetID = C888DCCF2516F49A00023463;
					};
				};
			};
			buildConfigurationList = C888DCCB2516F49A00023463 /* Build configuration list for PBXProject "helloworld" */;
			compatibilityVersion = "Xcode 9.3";
			developmentRegion = en;
			hasScannedForEncodings = 0;
			knownRegions = (
				en,
				Base,
			);
			mainGroup = C888DCC72516F49A00023463;
			productRefGroup = C888DCD12516F49A00023463 /* Products */;
			projectDirPath = "";
			projectRoot = "";
			targets = (
				C888DCCF2516F49A00023463 /* helloworld */,
				C888DCE02516F49B00023463 /* helloworldTests */,
				C888DCEB2516F49B00023463 /* helloworldUITests */,
			);
		};
/* End PBXProject section */

/* Begin PBXResourcesBuildPhase section */
		C888DCCE2516F49A00023463 /* Resources */ = {
			isa = PBXResourcesBuildPhase;
			buildActionMask = 2147483647;
			files = (
				C888DCDB2516F49B00023463 /* Preview Assets.xcassets in Resources */,
				C888DCD82516F49B00023463 /* Assets.xcassets in Resources */,
			);
			runOnlyForDeploymentPostprocessing = 0;
		};
		C888DCDF2516F49B00023463 /* Resources */ = {
			isa = PBXResourcesBuildPhase;
			buildActionMask = 2147483647;
			files = (
			);
			runOnlyForDeploymentPostprocessing = 0;
		};
		C888DCEA2516F49B00023463 /* Resources */ = {
			isa = PBXResourcesBuildPhase;
			buildActionMask = 2147483647;
			files = (
			);
			runOnlyForDeploymentPostprocessing = 0;
		};
/* End PBXResourcesBuildPhase section */

/* Begin PBXSourcesBuildPhase section */
		C888DCCC2516F49A00023463 /* Sources */ = {
			isa = PBXSourcesBuildPhase;
			buildActionMask = 2147483647;
			files = (
				C888DCD62516F49A00023463 /* ContentView.swift in Sources */,
				C888DCD42516F49A00023463 /* helloworldApp.swift in Sources */,
			);
			runOnlyForDeploymentPostprocessing = 0;
		};
		C888DCDD2516F49B00023463 /* Sources */ = {
			isa = PBXSourcesBuildPhase;
			buildActionMask = 2147483647;
			files = (
				C888DCE62516F49B00023463 /* helloworldTests.swift in Sources */,
			);
			runOnlyForDeploymentPostprocessing = 0;
		};
		C888DCE82516F49B00023463 /* Sources */ = {
			isa = PBXSourcesBuildPhase;
			buildActionMask = 2147483647;
			files = (
				C888DCF12516F49B00023463 /* helloworldUITests.swift in Sources */,
			);
			runOnlyForDeploymentPostprocessing = 0;
		};
/* End PBXSourcesBuildPhase section */

/* Begin PBXTargetDependency section */
		C888DCE32516F49B00023463 /* PBXTargetDependency */ = {
			isa = PBXTargetDependency;
			target = C888DCCF2516F49A00023463 /* helloworld */;
			targetProxy = C888DCE22516F49B00023463 /* PBXContainerItemProxy */;
		};
		C888DCEE2516F49B00023463 /* PBXTargetDependency */ = {
			isa = PBXTargetDependency;
			target = C888DCCF2516F49A00023463 /* helloworld */;
			targetProxy = C888DCED2516F49B00023463 /* PBXContainerItemProxy */;
		};
/* End PBXTargetDependency section */

/* Begin XCBuildConfiguration section */
		C888DCF32516F49B00023463 /* Debug */ = {
			isa = XCBuildConfiguration;
			buildSettings = {
				ALWAYS_SEARCH_USER_PATHS = NO;
				CLANG_ANALYZER_NONNULL = YES;
				CLANG_ANALYZER_NUMBER_OBJECT_CONVERSION = YES_AGGRESSIVE;
				CLANG_CXX_LANGUAGE_STANDARD = "gnu++14";
				CLANG_CXX_LIBRARY = "libc++";
				CLANG_ENABLE_MODULES = YES;
				CLANG_ENABLE_OBJC_ARC = YES;
				CLANG_ENABLE_OBJC_WEAK = YES;
				CLANG_WARN_BLOCK_CAPTURE_AUTORELEASING = YES;
				CLANG_WARN_BOOL_CONVERSION = YES;
				CLANG_WARN_COMMA = YES;
				CLANG_WARN_CONSTANT_CONVERSION = YES;
				CLANG_WARN_DEPRECATED_OBJC_IMPLEMENTATIONS = YES;
				CLANG_WARN_DIRECT_OBJC_ISA_USAGE = YES_ERROR;
				CLANG_WARN_DOCUMENTATION_COMMENTS = YES;
				CLANG_WARN_EMPTY_BODY = YES;
				CLANG_WARN_ENUM_CONVERSION = YES;
				CLANG_WARN_INFINITE_RECURSION = YES;
				CLANG_WARN_INT_CONVERSION = YES;
				CLANG_WARN_NON_LITERAL_NULL_CONVERSION = YES;
				CLANG_WARN_OBJC_IMPLICIT_RETAIN_SELF = YES;
				CLANG_WARN_OBJC_LITERAL_CONVERSION = YES;
				CLANG_WARN_OBJC_ROOT_CLASS = YES_ERROR;
				CLANG_WARN_QUOTED_INCLUDE_IN_FRAMEWORK_HEADER = YES;
				CLANG_WARN_RANGE_LOOP_ANALYSIS = YES;
				CLANG_WARN_STRICT_PROTOTYPES = YES;
				CLANG_WARN_SUSPICIOUS_MOVE = YES;
				CLANG_WARN_UNGUARDED_AVAILABILITY = YES_AGGRESSIVE;
				CLANG_WARN_UNREACHABLE_CODE = YES;
				CLANG_WARN__DUPLICATE_METHOD_MATCH = YES;
				COPY_PHASE_STRIP = NO;
				DEBUG_INFORMATION_FORMAT = dwarf;
				ENABLE_STRICT_OBJC_MSGSEND = YES;
				ENABLE_TESTABILITY = YES;
				GCC_C_LANGUAGE_STANDARD = gnu11;
				GCC_DYNAMIC_NO_PIC = NO;
				GCC_NO_COMMON_BLOCKS = YES;
				GCC_OPTIMIZATION_LEVEL = 0;
				GCC_PREPROCESSOR_DEFINITIONS = (
					"DEBUG=1",
					"$(inherited)",
				);
				GCC_WARN_64_TO_32_BIT_CONVERSION = YES;
				GCC_WARN_ABOUT_RETURN_TYPE = YES_ERROR;
				GCC_WARN_UNDECLARED_SELECTOR = YES;
				GCC_WARN_UNINITIALIZED_AUTOS = YES_AGGRESSIVE;
				GCC_WARN_UNUSED_FUNCTION = YES;
				GCC_WARN_UNUSED_VARIABLE = YES;
				IPHONEOS_DEPLOYMENT_TARGET = 14.0;
				MTL_ENABLE_DEBUG_INFO = INCLUDE_SOURCE;
				MTL_FAST_MATH = YES;
				ONLY_ACTIVE_ARCH = YES;
				SDKROOT = iphoneos;
				SWIFT_ACTIVE_COMPILATION_CONDITIONS = DEBUG;
				SWIFT_OPTIMIZATION_LEVEL = "-Onone";
			};
			name = Debug;
		};
		C888DCF42516F49B00023463 /* Release */ = {
			isa = XCBuildConfiguration;
			buildSettings = {
				ALWAYS_SEARCH_USER_PATHS = NO;
				CLANG_ANALYZER_NONNULL = YES;
				CLANG_ANALYZER_NUMBER_OBJECT_CONVERSION = YES_AGGRESSIVE;
				CLANG_CXX_LANGUAGE_STANDARD = "gnu++14";
				CLANG_CXX_LIBRARY = "libc++";
				CLANG_ENABLE_MODULES = YES;
				CLANG_ENABLE_OBJC_ARC = YES;
				CLANG_ENABLE_OBJC_WEAK = YES;
				CLANG_WARN_BLOCK_CAPTURE_AUTORELEASING = YES;
				CLANG_WARN_BOOL_CONVERSION = YES;
				CLANG_WARN_COMMA = YES;
				CLANG_WARN_CONSTANT_CONVERSION = YES;
				CLANG_WARN_DEPRECATED_OBJC_IMPLEMENTATIONS = YES;
				CLANG_WARN_DIRECT_OBJC_ISA_USAGE = YES_ERROR;
				CLANG_WARN_DOCUMENTATION_COMMENTS = YES;
				CLANG_WARN_EMPTY_BODY = YES;
				CLANG_WARN_ENUM_CONVERSION = YES;
				CLANG_WARN_INFINITE_RECURSION = YES;
				CLANG_WARN_INT_CONVERSION = YES;
				CLANG_WARN_NON_LITERAL_NULL_CONVERSION = YES;
				CLANG_WARN_OBJC_IMPLICIT_RETAIN_SELF = YES;
				CLANG_WARN_OBJC_LITERAL_CONVERSION = YES;
				CLANG_WARN_OBJC_ROOT_CLASS = YES_ERROR;
				CLANG_WARN_QUOTED_INCLUDE_IN_FRAMEWORK_HEADER = YES;
				CLANG_WARN_RANGE_LOOP_ANALYSIS = YES;
				CLANG_WARN_STRICT_PROTOTYPES = YES;
				CLANG_WARN_SUSPICIOUS_MOVE = YES;
				CLANG_WARN_UNGUARDED_AVAILABILITY = YES_AGGRESSIVE;
				CLANG_WARN_UNREACHABLE_CODE = YES;
				CLANG_WARN__DUPLICATE_METHOD_MATCH = YES;
				COPY_PHASE_STRIP = NO;
				DEBUG_INFORMATION_FORMAT = "dwarf-with-dsym";
				ENABLE_NS_ASSERTIONS = NO;
				ENABLE_STRICT_OBJC_MSGSEND = YES;
				GCC_C_LANGUAGE_STANDARD = gnu11;
				GCC_NO_COMMON_BLOCKS = YES;
				GCC_WARN_64_TO_32_BIT_CONVERSION = YES;
				GCC_WARN_ABOUT_RETURN_TYPE = YES_ERROR;
				GCC_WARN_UNDECLARED_SELECTOR = YES;
				GCC_WARN_UNINITIALIZED_AUTOS = YES_AGGRESSIVE;
				GCC_WARN_UNUSED_FUNCTION = YES;
				GCC_WARN_UNUSED_VARIABLE = YES;
				IPHONEOS_DEPLOYMENT_TARGET = 14.0;
				MTL_ENABLE_DEBUG_INFO = NO;
				MTL_FAST_MATH = YES;
				SDKROOT = iphoneos;
				SWIFT_COMPILATION_MODE = wholemodule;
				SWIFT_OPTIMIZATION_LEVEL = "-O";
				VALIDATE_PRODUCT = YES;
			};
			name = Release;
		};
		C888DCF62516F49B00023463 /* Debug */ = {
			isa = XCBuildConfiguration;
			buildSettings = {
				ASSETCATALOG_COMPILER_APPICON_NAME = AppIcon;
				ASSETCATALOG_COMPILER_GLOBAL_ACCENT_COLOR_NAME = AccentColor;
				CODE_SIGN_STYLE = Automatic;
				DEVELOPMENT_ASSET_PATHS = "\"helloworld/Preview Content\"";
				ENABLE_PREVIEWS = YES;
				INFOPLIST_FILE = helloworld/Info.plist;
				IPHONEOS_DEPLOYMENT_TARGET = 14.0;
				LD_RUNPATH_SEARCH_PATHS = (
					"$(inherited)",
					"@executable_path/Frameworks",
				);
				PRODUCT_BUNDLE_IDENTIFIER = net.subroh0508.helloworld;
				PRODUCT_NAME = "$(TARGET_NAME)";
				SWIFT_VERSION = 5.0;
				TARGETED_DEVICE_FAMILY = "1,2";
			};
			name = Debug;
		};
		C888DCF72516F49B00023463 /* Release */ = {
			isa = XCBuildConfiguration;
			buildSettings = {
				ASSETCATALOG_COMPILER_APPICON_NAME = AppIcon;
				ASSETCATALOG_COMPILER_GLOBAL_ACCENT_COLOR_NAME = AccentColor;
				CODE_SIGN_STYLE = Automatic;
				DEVELOPMENT_ASSET_PATHS = "\"helloworld/Preview Content\"";
				ENABLE_PREVIEWS = YES;
				INFOPLIST_FILE = helloworld/Info.plist;
				IPHONEOS_DEPLOYMENT_TARGET = 14.0;
				LD_RUNPATH_SEARCH_PATHS = (
					"$(inherited)",
					"@executable_path/Frameworks",
				);
				PRODUCT_BUNDLE_IDENTIFIER = net.subroh0508.helloworld;
				PRODUCT_NAME = "$(TARGET_NAME)";
				SWIFT_VERSION = 5.0;
				TARGETED_DEVICE_FAMILY = "1,2";
			};
			name = Release;
		};
		C888DCF92516F49B00023463 /* Debug */ = {
			isa = XCBuildConfiguration;
			buildSettings = {
				ALWAYS_EMBED_SWIFT_STANDARD_LIBRARIES = YES;
				BUNDLE_LOADER = "$(TEST_HOST)";
				CODE_SIGN_STYLE = Automatic;
				INFOPLIST_FILE = helloworldTests/Info.plist;
				IPHONEOS_DEPLOYMENT_TARGET = 14.0;
				LD_RUNPATH_SEARCH_PATHS = (
					"$(inherited)",
					"@executable_path/Frameworks",
					"@loader_path/Frameworks",
				);
				PRODUCT_BUNDLE_IDENTIFIER = net.subroh0508.helloworldTests;
				PRODUCT_NAME = "$(TARGET_NAME)";
				SWIFT_VERSION = 5.0;
				TARGETED_DEVICE_FAMILY = "1,2";
				TEST_HOST = "$(BUILT_PRODUCTS_DIR)/helloworld.app/helloworld";
			};
			name = Debug;
		};
		C888DCFA2516F49B00023463 /* Release */ = {
			isa = XCBuildConfiguration;
			buildSettings = {
				ALWAYS_EMBED_SWIFT_STANDARD_LIBRARIES = YES;
				BUNDLE_LOADER = "$(TEST_HOST)";
				CODE_SIGN_STYLE = Automatic;
				INFOPLIST_FILE = helloworldTests/Info.plist;
				IPHONEOS_DEPLOYMENT_TARGET = 14.0;
				LD_RUNPATH_SEARCH_PATHS = (
					"$(inherited)",
					"@executable_path/Frameworks",
					"@loader_path/Frameworks",
				);
				PRODUCT_BUNDLE_IDENTIFIER = net.subroh0508.helloworldTests;
				PRODUCT_NAME = "$(TARGET_NAME)";
				SWIFT_VERSION = 5.0;
				TARGETED_DEVICE_FAMILY = "1,2";
				TEST_HOST = "$(BUILT_PRODUCTS_DIR)/helloworld.app/helloworld";
			};
			name = Release;
		};
		C888DCFC2516F49B00023463 /* Debug */ = {
			isa = XCBuildConfiguration;
			buildSettings = {
				ALWAYS_EMBED_SWIFT_STANDARD_LIBRARIES = YES;
				CODE_SIGN_STYLE = Automatic;
				INFOPLIST_FILE = helloworldUITests/Info.plist;
				LD_RUNPATH_SEARCH_PATHS = (
					"$(inherited)",
					"@executable_path/Frameworks",
					"@loader_path/Frameworks",
				);
				PRODUCT_BUNDLE_IDENTIFIER = net.subroh0508.helloworldUITests;
				PRODUCT_NAME = "$(TARGET_NAME)";
				SWIFT_VERSION = 5.0;
				TARGETED_DEVICE_FAMILY = "1,2";
				TEST_TARGET_NAME = helloworld;
			};
			name = Debug;
		};
		C888DCFD2516F49B00023463 /* Release */ = {
			isa = XCBuildConfiguration;
			buildSettings = {
				ALWAYS_EMBED_SWIFT_STANDARD_LIBRARIES = YES;
				CODE_SIGN_STYLE = Automatic;
				INFOPLIST_FILE = helloworldUITests/Info.plist;
				LD_RUNPATH_SEARCH_PATHS = (
					"$(inherited)",
					"@executable_path/Frameworks",
					"@loader_path/Frameworks",
				);
				PRODUCT_BUNDLE_IDENTIFIER = net.subroh0508.helloworldUITests;
				PRODUCT_NAME = "$(TARGET_NAME)";
				SWIFT_VERSION = 5.0;
				TARGETED_DEVICE_FAMILY = "1,2";
				TEST_TARGET_NAME = helloworld;
			};
			name = Release;
		};
/* End XCBuildConfiguration section */

/* Begin XCConfigurationList section */
		C888DCCB2516F49A00023463 /* Build configuration list for PBXProject "helloworld" */ = {
			isa = XCConfigurationList;
			buildConfigurations = (
				C888DCF32516F49B00023463 /* Debug */,
				C888DCF42516F49B00023463 /* Release */,
			);
			defaultConfigurationIsVisible = 0;
			defaultConfigurationName = Release;
		};
		C888DCF52516F49B00023463 /* Build configuration list for PBXNativeTarget "helloworld" */ = {
			isa = XCConfigurationList;
			buildConfigurations = (
				C888DCF62516F49B00023463 /* Debug */,
				C888DCF72516F49B00023463 /* Release */,
			);
			defaultConfigurationIsVisible = 0;
			defaultConfigurationName = Release;
		};
		C888DCF82516F49B00023463 /* Build configuration list for PBXNativeTarget "helloworldTests" */ = {
			isa = XCConfigurationList;
			buildConfigurations = (
				C888DCF92516F49B00023463 /* Debug */,
				C888DCFA2516F49B00023463 /* Release */,
			);
			defaultConfigurationIsVisible = 0;
			defaultConfigurationName = Release;
		};
		C888DCFB2516F49B00023463 /* Build configuration list for PBXNativeTarget "helloworldUITests" */ = {
			isa = XCConfigurationList;
			buildConfigurations = (
				C888DCFC2516F49B00023463 /* Debug */,
				C888DCFD2516F49B00023463 /* Release */,
			);
			defaultConfigurationIsVisible = 0;
			defaultConfigurationName = Release;
		};
/* End XCConfigurationList section */
	};
	rootObject = C888DCC82516F49A00023463 /* Project object */;
}
